// !$*UTF8*$!
{
	archiveVersion = 1;
	classes = {
	};
	objectVersion = 77;
	objects = {

/* Begin PBXContainerItemProxy section */
		D5BB92472C9C97890023DB0C /* PBXContainerItemProxy */ = {
			isa = PBXContainerItemProxy;
			containerPortal = D5BB922E2C9C97880023DB0C /* Project object */;
			proxyType = 1;
			remoteGlobalIDString = D5BB92352C9C97880023DB0C;
			remoteInfo = HiLoFlip;
		};
		D5BB92512C9C97890023DB0C /* PBXContainerItemProxy */ = {
			isa = PBXContainerItemProxy;
			containerPortal = D5BB922E2C9C97880023DB0C /* Project object */;
			proxyType = 1;
			remoteGlobalIDString = D5BB92352C9C97880023DB0C;
			remoteInfo = HiLoFlip;
		};
/* End PBXContainerItemProxy section */

/* Begin PBXFileReference section */
		D5BB92362C9C97880023DB0C /* HiLoFlip.app */ = {isa = PBXFileReference; explicitFileType = wrapper.application; includeInIndex = 0; path = HiLoFlip.app; sourceTree = BUILT_PRODUCTS_DIR; };
		D5BB92462C9C97890023DB0C /* HiLoFlipTests.xctest */ = {isa = PBXFileReference; explicitFileType = wrapper.cfbundle; includeInIndex = 0; path = HiLoFlipTests.xctest; sourceTree = BUILT_PRODUCTS_DIR; };
		D5BB92502C9C97890023DB0C /* HiLoFlipUITests.xctest */ = {isa = PBXFileReference; explicitFileType = wrapper.cfbundle; includeInIndex = 0; path = HiLoFlipUITests.xctest; sourceTree = BUILT_PRODUCTS_DIR; };
/* End PBXFileReference section */

/* Begin PBXFileSystemSynchronizedRootGroup section */
		D5BB92382C9C97880023DB0C /* HiLoFlip */ = {
			isa = PBXFileSystemSynchronizedRootGroup;
			path = HiLoFlip;
			sourceTree = "<group>";
		};
		D5BB92492C9C97890023DB0C /* HiLoFlipTests */ = {
			isa = PBXFileSystemSynchronizedRootGroup;
			path = HiLoFlipTests;
			sourceTree = "<group>";
		};
		D5BB92532C9C97890023DB0C /* HiLoFlipUITests */ = {
			isa = PBXFileSystemSynchronizedRootGroup;
			path = HiLoFlipUITests;
			sourceTree = "<group>";
		};
/* End PBXFileSystemSynchronizedRootGroup section */

/* Begin PBXFrameworksBuildPhase section */
		D5BB92332C9C97880023DB0C /* Frameworks */ = {
			isa = PBXFrameworksBuildPhase;
			buildActionMask = 2147483647;
			files = (
			);
			runOnlyForDeploymentPostprocessing = 0;
		};
		D5BB92432C9C97890023DB0C /* Frameworks */ = {
			isa = PBXFrameworksBuildPhase;
			buildActionMask = 2147483647;
			files = (
			);
			runOnlyForDeploymentPostprocessing = 0;
		};
		D5BB924D2C9C97890023DB0C /* Frameworks */ = {
			isa = PBXFrameworksBuildPhase;
			buildActionMask = 2147483647;
			files = (
			);
			runOnlyForDeploymentPostprocessing = 0;
		};
/* End PBXFrameworksBuildPhase section */

/* Begin PBXGroup section */
		D5BB922D2C9C97880023DB0C = {
			isa = PBXGroup;
			children = (
				D5BB92382C9C97880023DB0C /* HiLoFlip */,
				D5BB92492C9C97890023DB0C /* HiLoFlipTests */,
				D5BB92532C9C97890023DB0C /* HiLoFlipUITests */,
				D5BB92372C9C97880023DB0C /* Products */,
			);
			sourceTree = "<group>";
		};
		D5BB92372C9C97880023DB0C /* Products */ = {
			isa = PBXGroup;
			children = (
				D5BB92362C9C97880023DB0C /* HiLoFlip.app */,
				D5BB92462C9C97890023DB0C /* HiLoFlipTests.xctest */,
				D5BB92502C9C97890023DB0C /* HiLoFlipUITests.xctest */,
			);
			name = Products;
			sourceTree = "<group>";
		};
/* End PBXGroup section */

/* Begin PBXNativeTarget section */
		D5BB92352C9C97880023DB0C /* HiLoFlip */ = {
			isa = PBXNativeTarget;
			buildConfigurationList = D5BB925A2C9C97890023DB0C /* Build configuration list for PBXNativeTarget "HiLoFlip" */;
			buildPhases = (
				D5BB92322C9C97880023DB0C /* Sources */,
				D5BB92332C9C97880023DB0C /* Frameworks */,
				D5BB92342C9C97880023DB0C /* Resources */,
			);
			buildRules = (
			);
			dependencies = (
			);
			fileSystemSynchronizedGroups = (
				D5BB92382C9C97880023DB0C /* HiLoFlip */,
			);
			name = HiLoFlip;
			packageProductDependencies = (
			);
			productName = HiLoFlip;
			productReference = D5BB92362C9C97880023DB0C /* HiLoFlip.app */;
			productType = "com.apple.product-type.application";
		};
		D5BB92452C9C97890023DB0C /* HiLoFlipTests */ = {
			isa = PBXNativeTarget;
			buildConfigurationList = D5BB925D2C9C97890023DB0C /* Build configuration list for PBXNativeTarget "HiLoFlipTests" */;
			buildPhases = (
				D5BB92422C9C97890023DB0C /* Sources */,
				D5BB92432C9C97890023DB0C /* Frameworks */,
				D5BB92442C9C97890023DB0C /* Resources */,
			);
			buildRules = (
			);
			dependencies = (
				D5BB92482C9C97890023DB0C /* PBXTargetDependency */,
			);
			fileSystemSynchronizedGroups = (
				D5BB92492C9C97890023DB0C /* HiLoFlipTests */,
			);
			name = HiLoFlipTests;
			packageProductDependencies = (
			);
			productName = HiLoFlipTests;
			productReference = D5BB92462C9C97890023DB0C /* HiLoFlipTests.xctest */;
			productType = "com.apple.product-type.bundle.unit-test";
		};
		D5BB924F2C9C97890023DB0C /* HiLoFlipUITests */ = {
			isa = PBXNativeTarget;
			buildConfigurationList = D5BB92602C9C97890023DB0C /* Build configuration list for PBXNativeTarget "HiLoFlipUITests" */;
			buildPhases = (
				D5BB924C2C9C97890023DB0C /* Sources */,
				D5BB924D2C9C97890023DB0C /* Frameworks */,
				D5BB924E2C9C97890023DB0C /* Resources */,
			);
			buildRules = (
			);
			dependencies = (
				D5BB92522C9C97890023DB0C /* PBXTargetDependency */,
			);
			fileSystemSynchronizedGroups = (
				D5BB92532C9C97890023DB0C /* HiLoFlipUITests */,
			);
			name = HiLoFlipUITests;
			packageProductDependencies = (
			);
			productName = HiLoFlipUITests;
			productReference = D5BB92502C9C97890023DB0C /* HiLoFlipUITests.xctest */;
			productType = "com.apple.product-type.bundle.ui-testing";
		};
/* End PBXNativeTarget section */

/* Begin PBXProject section */
		D5BB922E2C9C97880023DB0C /* Project object */ = {
			isa = PBXProject;
			attributes = {
				BuildIndependentTargetsInParallel = 1;
				LastSwiftUpdateCheck = 1600;
				LastUpgradeCheck = 1600;
				TargetAttributes = {
					D5BB92352C9C97880023DB0C = {
						CreatedOnToolsVersion = 16.0;
					};
					D5BB92452C9C97890023DB0C = {
						CreatedOnToolsVersion = 16.0;
						TestTargetID = D5BB92352C9C97880023DB0C;
					};
					D5BB924F2C9C97890023DB0C = {
						CreatedOnToolsVersion = 16.0;
						TestTargetID = D5BB92352C9C97880023DB0C;
					};
				};
			};
			buildConfigurationList = D5BB92312C9C97880023DB0C /* Build configuration list for PBXProject "HiLoFlip" */;
			developmentRegion = en;
			hasScannedForEncodings = 0;
			knownRegions = (
				en,
				Base,
			);
			mainGroup = D5BB922D2C9C97880023DB0C;
			minimizedProjectReferenceProxies = 1;
			preferredProjectObjectVersion = 77;
			productRefGroup = D5BB92372C9C97880023DB0C /* Products */;
			projectDirPath = "";
			projectRoot = "";
			targets = (
				D5BB92352C9C97880023DB0C /* HiLoFlip */,
				D5BB92452C9C97890023DB0C /* HiLoFlipTests */,
				D5BB924F2C9C97890023DB0C /* HiLoFlipUITests */,
			);
		};
/* End PBXProject section */

/* Begin PBXResourcesBuildPhase section */
		D5BB92342C9C97880023DB0C /* Resources */ = {
			isa = PBXResourcesBuildPhase;
			buildActionMask = 2147483647;
			files = (
			);
			runOnlyForDeploymentPostprocessing = 0;
		};
		D5BB92442C9C97890023DB0C /* Resources */ = {
			isa = PBXResourcesBuildPhase;
			buildActionMask = 2147483647;
			files = (
			);
			runOnlyForDeploymentPostprocessing = 0;
		};
		D5BB924E2C9C97890023DB0C /* Resources */ = {
			isa = PBXResourcesBuildPhase;
			buildActionMask = 2147483647;
			files = (
			);
			runOnlyForDeploymentPostprocessing = 0;
		};
/* End PBXResourcesBuildPhase section */

/* Begin PBXSourcesBuildPhase section */
		D5BB92322C9C97880023DB0C /* Sources */ = {
			isa = PBXSourcesBuildPhase;
			buildActionMask = 2147483647;
			files = (
			);
			runOnlyForDeploymentPostprocessing = 0;
		};
		D5BB92422C9C97890023DB0C /* Sources */ = {
			isa = PBXSourcesBuildPhase;
			buildActionMask = 2147483647;
			files = (
			);
			runOnlyForDeploymentPostprocessing = 0;
		};
		D5BB924C2C9C97890023DB0C /* Sources */ = {
			isa = PBXSourcesBuildPhase;
			buildActionMask = 2147483647;
			files = (
			);
			runOnlyForDeploymentPostprocessing = 0;
		};
/* End PBXSourcesBuildPhase section */

/* Begin PBXTargetDependency section */
		D5BB92482C9C97890023DB0C /* PBXTargetDependency */ = {
			isa = PBXTargetDependency;
			target = D5BB92352C9C97880023DB0C /* HiLoFlip */;
			targetProxy = D5BB92472C9C97890023DB0C /* PBXContainerItemProxy */;
		};
		D5BB92522C9C97890023DB0C /* PBXTargetDependency */ = {
			isa = PBXTargetDependency;
			target = D5BB92352C9C97880023DB0C /* HiLoFlip */;
			targetProxy = D5BB92512C9C97890023DB0C /* PBXContainerItemProxy */;
		};
/* End PBXTargetDependency section */

/* Begin XCBuildConfiguration section */
		D5BB92582C9C97890023DB0C /* Debug */ = {
			isa = XCBuildConfiguration;
			buildSettings = {
				ALWAYS_SEARCH_USER_PATHS = NO;
				ASSETCATALOG_COMPILER_GENERATE_SWIFT_ASSET_SYMBOL_EXTENSIONS = YES;
				CLANG_ANALYZER_NONNULL = YES;
				CLANG_ANALYZER_NUMBER_OBJECT_CONVERSION = YES_AGGRESSIVE;
				CLANG_CXX_LANGUAGE_STANDARD = "gnu++20";
				CLANG_ENABLE_MODULES = YES;
				CLANG_ENABLE_OBJC_ARC = YES;
				CLANG_ENABLE_OBJC_WEAK = YES;
				CLANG_WARN_BLOCK_CAPTURE_AUTORELEASING = YES;
				CLANG_WARN_BOOL_CONVERSION = YES;
				CLANG_WARN_COMMA = YES;
				CLANG_WARN_CONSTANT_CONVERSION = YES;
				CLANG_WARN_DEPRECATED_OBJC_IMPLEMENTATIONS = YES;
				CLANG_WARN_DIRECT_OBJC_ISA_USAGE = YES_ERROR;
				CLANG_WARN_DOCUMENTATION_COMMENTS = YES;
				CLANG_WARN_EMPTY_BODY = YES;
				CLANG_WARN_ENUM_CONVERSION = YES;
				CLANG_WARN_INFINITE_RECURSION = YES;
				CLANG_WARN_INT_CONVERSION = YES;
				CLANG_WARN_NON_LITERAL_NULL_CONVERSION = YES;
				CLANG_WARN_OBJC_IMPLICIT_RETAIN_SELF = YES;
				CLANG_WARN_OBJC_LITERAL_CONVERSION = YES;
				CLANG_WARN_OBJC_ROOT_CLASS = YES_ERROR;
				CLANG_WARN_QUOTED_INCLUDE_IN_FRAMEWORK_HEADER = YES;
				CLANG_WARN_RANGE_LOOP_ANALYSIS = YES;
				CLANG_WARN_STRICT_PROTOTYPES = YES;
				CLANG_WARN_SUSPICIOUS_MOVE = YES;
				CLANG_WARN_UNGUARDED_AVAILABILITY = YES_AGGRESSIVE;
				CLANG_WARN_UNREACHABLE_CODE = YES;
				CLANG_WARN__DUPLICATE_METHOD_MATCH = YES;
				COPY_PHASE_STRIP = NO;
				DEBUG_INFORMATION_FORMAT = dwarf;
				ENABLE_STRICT_OBJC_MSGSEND = YES;
				ENABLE_TESTABILITY = YES;
				ENABLE_USER_SCRIPT_SANDBOXING = YES;
				GCC_C_LANGUAGE_STANDARD = gnu17;
				GCC_DYNAMIC_NO_PIC = NO;
				GCC_NO_COMMON_BLOCKS = YES;
				GCC_OPTIMIZATION_LEVEL = 0;
				GCC_PREPROCESSOR_DEFINITIONS = (
					"DEBUG=1",
					"$(inherited)",
				);
				GCC_WARN_64_TO_32_BIT_CONVERSION = YES;
				GCC_WARN_ABOUT_RETURN_TYPE = YES_ERROR;
				GCC_WARN_UNDECLARED_SELECTOR = YES;
				GCC_WARN_UNINITIALIZED_AUTOS = YES_AGGRESSIVE;
				GCC_WARN_UNUSED_FUNCTION = YES;
				GCC_WARN_UNUSED_VARIABLE = YES;
				IPHONEOS_DEPLOYMENT_TARGET = 18.0;
				LOCALIZATION_PREFERS_STRING_CATALOGS = YES;
				MTL_ENABLE_DEBUG_INFO = INCLUDE_SOURCE;
				MTL_FAST_MATH = YES;
				ONLY_ACTIVE_ARCH = YES;
				SDKROOT = iphoneos;
				SWIFT_ACTIVE_COMPILATION_CONDITIONS = "DEBUG $(inherited)";
				SWIFT_OPTIMIZATION_LEVEL = "-Onone";
			};
			name = Debug;
		};
		D5BB92592C9C97890023DB0C /* Release */ = {
			isa = XCBuildConfiguration;
			buildSettings = {
				ALWAYS_SEARCH_USER_PATHS = NO;
				ASSETCATALOG_COMPILER_GENERATE_SWIFT_ASSET_SYMBOL_EXTENSIONS = YES;
				CLANG_ANALYZER_NONNULL = YES;
				CLANG_ANALYZER_NUMBER_OBJECT_CONVERSION = YES_AGGRESSIVE;
				CLANG_CXX_LANGUAGE_STANDARD = "gnu++20";
				CLANG_ENABLE_MODULES = YES;
				CLANG_ENABLE_OBJC_ARC = YES;
				CLANG_ENABLE_OBJC_WEAK = YES;
				CLANG_WARN_BLOCK_CAPTURE_AUTORELEASING = YES;
				CLANG_WARN_BOOL_CONVERSION = YES;
				CLANG_WARN_COMMA = YES;
				CLANG_WARN_CONSTANT_CONVERSION = YES;
				CLANG_WARN_DEPRECATED_OBJC_IMPLEMENTATIONS = YES;
				CLANG_WARN_DIRECT_OBJC_ISA_USAGE = YES_ERROR;
				CLANG_WARN_DOCUMENTATION_COMMENTS = YES;
				CLANG_WARN_EMPTY_BODY = YES;
				CLANG_WARN_ENUM_CONVERSION = YES;
				CLANG_WARN_INFINITE_RECURSION = YES;
				CLANG_WARN_INT_CONVERSION = YES;
				CLANG_WARN_NON_LITERAL_NULL_CONVERSION = YES;
				CLANG_WARN_OBJC_IMPLICIT_RETAIN_SELF = YES;
				CLANG_WARN_OBJC_LITERAL_CONVERSION = YES;
				CLANG_WARN_OBJC_ROOT_CLASS = YES_ERROR;
				CLANG_WARN_QUOTED_INCLUDE_IN_FRAMEWORK_HEADER = YES;
				CLANG_WARN_RANGE_LOOP_ANALYSIS = YES;
				CLANG_WARN_STRICT_PROTOTYPES = YES;
				CLANG_WARN_SUSPICIOUS_MOVE = YES;
				CLANG_WARN_UNGUARDED_AVAILABILITY = YES_AGGRESSIVE;
				CLANG_WARN_UNREACHABLE_CODE = YES;
				CLANG_WARN__DUPLICATE_METHOD_MATCH = YES;
				COPY_PHASE_STRIP = NO;
				DEBUG_INFORMATION_FORMAT = "dwarf-with-dsym";
				ENABLE_NS_ASSERTIONS = NO;
				ENABLE_STRICT_OBJC_MSGSEND = YES;
				ENABLE_USER_SCRIPT_SANDBOXING = YES;
				GCC_C_LANGUAGE_STANDARD = gnu17;
				GCC_NO_COMMON_BLOCKS = YES;
				GCC_WARN_64_TO_32_BIT_CONVERSION = YES;
				GCC_WARN_ABOUT_RETURN_TYPE = YES_ERROR;
				GCC_WARN_UNDECLARED_SELECTOR = YES;
				GCC_WARN_UNINITIALIZED_AUTOS = YES_AGGRESSIVE;
				GCC_WARN_UNUSED_FUNCTION = YES;
				GCC_WARN_UNUSED_VARIABLE = YES;
				IPHONEOS_DEPLOYMENT_TARGET = 18.0;
				LOCALIZATION_PREFERS_STRING_CATALOGS = YES;
				MTL_ENABLE_DEBUG_INFO = NO;
				MTL_FAST_MATH = YES;
				SDKROOT = iphoneos;
				SWIFT_COMPILATION_MODE = wholemodule;
				VALIDATE_PRODUCT = YES;
			};
			name = Release;
		};
		D5BB925B2C9C97890023DB0C /* Debug */ = {
			isa = XCBuildConfiguration;
			buildSettings = {
				ASSETCATALOG_COMPILER_APPICON_NAME = AppIcon;
				ASSETCATALOG_COMPILER_GLOBAL_ACCENT_COLOR_NAME = AccentColor;
				CODE_SIGN_STYLE = Automatic;
				CURRENT_PROJECT_VERSION = 1;
				DEVELOPMENT_ASSET_PATHS = "\"HiLoFlip/Preview Content\"";
				DEVELOPMENT_TEAM = Y33VGX38GF;
				ENABLE_PREVIEWS = YES;
				GENERATE_INFOPLIST_FILE = YES;
				INFOPLIST_KEY_UIApplicationSceneManifest_Generation = YES;
				INFOPLIST_KEY_UIApplicationSupportsIndirectInputEvents = YES;
				INFOPLIST_KEY_UILaunchScreen_Generation = YES;
				INFOPLIST_KEY_UISupportedInterfaceOrientations_iPad = "UIInterfaceOrientationPortrait UIInterfaceOrientationPortraitUpsideDown UIInterfaceOrientationLandscapeLeft UIInterfaceOrientationLandscapeRight";
				INFOPLIST_KEY_UISupportedInterfaceOrientations_iPhone = "UIInterfaceOrientationPortrait UIInterfaceOrientationLandscapeLeft UIInterfaceOrientationLandscapeRight";
				LD_RUNPATH_SEARCH_PATHS = (
					"$(inherited)",
					"@executable_path/Frameworks",
				);
				MARKETING_VERSION = 1.0;
				PRODUCT_BUNDLE_IDENTIFIER = edu.cedarville.itm3300.HiLoFlip;
				PRODUCT_NAME = "$(TARGET_NAME)";
				SWIFT_EMIT_LOC_STRINGS = YES;
				SWIFT_VERSION = 5.0;
				TARGETED_DEVICE_FAMILY = "1,2";
			};
			name = Debug;
		};
		D5BB925C2C9C97890023DB0C /* Release */ = {
			isa = XCBuildConfiguration;
			buildSettings = {
				ASSETCATALOG_COMPILER_APPICON_NAME = AppIcon;
				ASSETCATALOG_COMPILER_GLOBAL_ACCENT_COLOR_NAME = AccentColor;
				CODE_SIGN_STYLE = Automatic;
				CURRENT_PROJECT_VERSION = 1;
				DEVELOPMENT_ASSET_PATHS = "\"HiLoFlip/Preview Content\"";
				DEVELOPMENT_TEAM = Y33VGX38GF;
				ENABLE_PREVIEWS = YES;
				GENERATE_INFOPLIST_FILE = YES;
				INFOPLIST_KEY_UIApplicationSceneManifest_Generation = YES;
				INFOPLIST_KEY_UIApplicationSupportsIndirectInputEvents = YES;
				INFOPLIST_KEY_UILaunchScreen_Generation = YES;
				INFOPLIST_KEY_UISupportedInterfaceOrientations_iPad = "UIInterfaceOrientationPortrait UIInterfaceOrientationPortraitUpsideDown UIInterfaceOrientationLandscapeLeft UIInterfaceOrientationLandscapeRight";
				INFOPLIST_KEY_UISupportedInterfaceOrientations_iPhone = "UIInterfaceOrientationPortrait UIInterfaceOrientationLandscapeLeft UIInterfaceOrientationLandscapeRight";
				LD_RUNPATH_SEARCH_PATHS = (
					"$(inherited)",
					"@executable_path/Frameworks",
				);
				MARKETING_VERSION = 1.0;
				PRODUCT_BUNDLE_IDENTIFIER = edu.cedarville.itm3300.HiLoFlip;
				PRODUCT_NAME = "$(TARGET_NAME)";
				SWIFT_EMIT_LOC_STRINGS = YES;
				SWIFT_VERSION = 5.0;
				TARGETED_DEVICE_FAMILY = "1,2";
			};
			name = Release;
		};
		D5BB925E2C9C97890023DB0C /* Debug */ = {
			isa = XCBuildConfiguration;
			buildSettings = {
				BUNDLE_LOADER = "$(TEST_HOST)";
				CODE_SIGN_STYLE = Automatic;
				CURRENT_PROJECT_VERSION = 1;
				DEVELOPMENT_TEAM = Y33VGX38GF;
				GENERATE_INFOPLIST_FILE = YES;
				IPHONEOS_DEPLOYMENT_TARGET = 18.0;
				MARKETING_VERSION = 1.0;
				PRODUCT_BUNDLE_IDENTIFIER = edu.cedarville.itm3300.HiLoFlipTests;
				PRODUCT_NAME = "$(TARGET_NAME)";
				SWIFT_EMIT_LOC_STRINGS = NO;
				SWIFT_VERSION = 5.0;
				TARGETED_DEVICE_FAMILY = "1,2";
				TEST_HOST = "$(BUILT_PRODUCTS_DIR)/HiLoFlip.app/$(BUNDLE_EXECUTABLE_FOLDER_PATH)/HiLoFlip";
			};
			name = Debug;
		};
		D5BB925F2C9C97890023DB0C /* Release */ = {
			isa = XCBuildConfiguration;
			buildSettings = {
				BUNDLE_LOADER = "$(TEST_HOST)";
				CODE_SIGN_STYLE = Automatic;
				CURRENT_PROJECT_VERSION = 1;
				DEVELOPMENT_TEAM = Y33VGX38GF;
				GENERATE_INFOPLIST_FILE = YES;
				IPHONEOS_DEPLOYMENT_TARGET = 18.0;
				MARKETING_VERSION = 1.0;
				PRODUCT_BUNDLE_IDENTIFIER = edu.cedarville.itm3300.HiLoFlipTests;
				PRODUCT_NAME = "$(TARGET_NAME)";
				SWIFT_EMIT_LOC_STRINGS = NO;
				SWIFT_VERSION = 5.0;
				TARGETED_DEVICE_FAMILY = "1,2";
				TEST_HOST = "$(BUILT_PRODUCTS_DIR)/HiLoFlip.app/$(BUNDLE_EXECUTABLE_FOLDER_PATH)/HiLoFlip";
			};
			name = Release;
		};
		D5BB92612C9C97890023DB0C /* Debug */ = {
			isa = XCBuildConfiguration;
			buildSettings = {
				CODE_SIGN_STYLE = Automatic;
				CURRENT_PROJECT_VERSION = 1;
				DEVELOPMENT_TEAM = Y33VGX38GF;
				GENERATE_INFOPLIST_FILE = YES;
				MARKETING_VERSION = 1.0;
				PRODUCT_BUNDLE_IDENTIFIER = edu.cedarville.itm3300.HiLoFlipUITests;
				PRODUCT_NAME = "$(TARGET_NAME)";
				SWIFT_EMIT_LOC_STRINGS = NO;
				SWIFT_VERSION = 5.0;
				TARGETED_DEVICE_FAMILY = "1,2";
				TEST_TARGET_NAME = HiLoFlip;
			};
			name = Debug;
		};
		D5BB92622C9C97890023DB0C /* Release */ = {
			isa = XCBuildConfiguration;
			buildSettings = {
				CODE_SIGN_STYLE = Automatic;
				CURRENT_PROJECT_VERSION = 1;
				DEVELOPMENT_TEAM = Y33VGX38GF;
				GENERATE_INFOPLIST_FILE = YES;
				MARKETING_VERSION = 1.0;
				PRODUCT_BUNDLE_IDENTIFIER = edu.cedarville.itm3300.HiLoFlipUITests;
				PRODUCT_NAME = "$(TARGET_NAME)";
				SWIFT_EMIT_LOC_STRINGS = NO;
				SWIFT_VERSION = 5.0;
				TARGETED_DEVICE_FAMILY = "1,2";
				TEST_TARGET_NAME = HiLoFlip;
			};
			name = Release;
		};
/* End XCBuildConfiguration section */

/* Begin XCConfigurationList section */
		D5BB92312C9C97880023DB0C /* Build configuration list for PBXProject "HiLoFlip" */ = {
			isa = XCConfigurationList;
			buildConfigurations = (
				D5BB92582C9C97890023DB0C /* Debug */,
				D5BB92592C9C97890023DB0C /* Release */,
			);
			defaultConfigurationIsVisible = 0;
			defaultConfigurationName = Release;
		};
		D5BB925A2C9C97890023DB0C /* Build configuration list for PBXNativeTarget "HiLoFlip" */ = {
			isa = XCConfigurationList;
			buildConfigurations = (
				D5BB925B2C9C97890023DB0C /* Debug */,
				D5BB925C2C9C97890023DB0C /* Release */,
			);
			defaultConfigurationIsVisible = 0;
			defaultConfigurationName = Release;
		};
		D5BB925D2C9C97890023DB0C /* Build configuration list for PBXNativeTarget "HiLoFlipTests" */ = {
			isa = XCConfigurationList;
			buildConfigurations = (
				D5BB925E2C9C97890023DB0C /* Debug */,
				D5BB925F2C9C97890023DB0C /* Release */,
			);
			defaultConfigurationIsVisible = 0;
			defaultConfigurationName = Release;
		};
		D5BB92602C9C97890023DB0C /* Build configuration list for PBXNativeTarget "HiLoFlipUITests" */ = {
			isa = XCConfigurationList;
			buildConfigurations = (
				D5BB92612C9C97890023DB0C /* Debug */,
				D5BB92622C9C97890023DB0C /* Release */,
			);
			defaultConfigurationIsVisible = 0;
			defaultConfigurationName = Release;
		};
/* End XCConfigurationList section */
	};
	rootObject = D5BB922E2C9C97880023DB0C /* Project object */;
}
